
Microsoft Visual Studio Solution File, Format Version 12.00
Project("{FAE04EC0-301F-11D3-BF4B-00C04F79EFBC}") = "myPascal", "myPascal.csproj", "{17CF92E8-41B8-488C-9111-6DBD4BC539F3}"
EndProject
Project("{FAE04EC0-301F-11D3-BF4B-00C04F79EFBC}") = "LexerTestProject", "LexerTestProject\LexerTestProject.csproj", "{322A5B56-5743-40C5-9EF3-EB98AF1E2854}"
EndProject
Global
	GlobalSection(SolutionConfigurationPlatforms) = preSolution
		Debug|Any CPU = Debug|Any CPU
		Release|Any CPU = Release|Any CPU
	EndGlobalSection
	GlobalSection(ProjectConfigurationPlatforms) = postSolution
		{17CF92E8-41B8-488C-9111-6DBD4BC539F3}.Debug|Any CPU.ActiveCfg = Debug|Any CPU
		{17CF92E8-41B8-488C-9111-6DBD4BC539F3}.Debug|Any CPU.Build.0 = Debug|Any CPU
		{17CF92E8-41B8-488C-9111-6DBD4BC539F3}.Release|Any CPU.ActiveCfg = Release|Any CPU
		{17CF92E8-41B8-488C-9111-6DBD4BC539F3}.Release|Any CPU.Build.0 = Release|Any CPU
		{322A5B56-5743-40C5-9EF3-EB98AF1E2854}.Debug|Any CPU.ActiveCfg = Debug|Any CPU
		{322A5B56-5743-40C5-9EF3-EB98AF1E2854}.Debug|Any CPU.Build.0 = Debug|Any CPU
		{322A5B56-5743-40C5-9EF3-EB98AF1E2854}.Release|Any CPU.ActiveCfg = Release|Any CPU
		{322A5B56-5743-40C5-9EF3-EB98AF1E2854}.Release|Any CPU.Build.0 = Release|Any CPU
	EndGlobalSection
EndGlobal
